Microsoft Visual Studio Solution File, Format Version 8.00
Project("{8BC9CEB8-8B4A-11D0-8D11-00A0C91BC942}") = "WTLButtonST", "WTLButtonST.vcproj", "{742412E7-117B-423D-B527-FF15B9187F5B}"
	ProjectSection(ProjectDependencies) = postProject
	EndProjectSection
EndProject
Global
	GlobalSection(SolutionConfiguration) = preSolution
		Debug = Debug
		Debug Unicode = Debug Unicode
		Release = Release
		Release Unicode = Release Unicode
	EndGlobalSection
	GlobalSection(ProjectDependencies) = postSolution
	EndGlobalSection
	GlobalSection(ProjectConfiguration) = postSolution
		{742412E7-117B-423D-B527-FF15B9187F5B}.Debug.ActiveCfg = Debug|Win32
		{742412E7-117B-423D-B527-FF15B9187F5B}.Debug.Build.0 = Debug|Win32
		{742412E7-117B-423D-B527-FF15B9187F5B}.Debug Unicode.ActiveCfg = Debug Unicode|Win32
		{742412E7-117B-423D-B527-FF15B9187F5B}.Debug Unicode.Build.0 = Debug Unicode|Win32
		{742412E7-117B-423D-B527-FF15B9187F5B}.Release.ActiveCfg = Release|Win32
		{742412E7-117B-423D-B527-FF15B9187F5B}.Release.Build.0 = Release|Win32
		{742412E7-117B-423D-B527-FF15B9187F5B}.Release Unicode.ActiveCfg = Release Unicode|Win32
		{742412E7-117B-423D-B527-FF15B9187F5B}.Release Unicode.Build.0 = Release Unicode|Win32
	EndGlobalSection
	GlobalSection(ExtensibilityGlobals) = postSolution
	EndGlobalSection
	GlobalSection(ExtensibilityAddIns) = postSolution
	EndGlobalSection
EndGlobal
